Microsoft Visual Studio Solution File, Format Version 12.00
# Visual Studio Version 17
VisualStudioVersion = 17.5.2.0
MinimumVisualStudioVersion = 10.0.40219.1
Project("{FAE04EC0-301F-11D3-BF4B-00C04F79EFBC}") = "Response", "_OLD\Response.csproj", "{F903051A-D828-2B93-6536-0B4C71CC7389}"
EndProject
Global
	GlobalSection(SolutionConfigurationPlatforms) = preSolution
		Debug|Any CPU = Debug|Any CPU
		Release|Any CPU = Release|Any CPU
	EndGlobalSection
	GlobalSection(ProjectConfigurationPlatforms) = postSolution
		{F903051A-D828-2B93-6536-0B4C71CC7389}.Debug|Any CPU.ActiveCfg = Debug|Any CPU
		{F903051A-D828-2B93-6536-0B4C71CC7389}.Debug|Any CPU.Build.0 = Debug|Any CPU
		{F903051A-D828-2B93-6536-0B4C71CC7389}.Release|Any CPU.ActiveCfg = Release|Any CPU
		{F903051A-D828-2B93-6536-0B4C71CC7389}.Release|Any CPU.Build.0 = Release|Any CPU
	EndGlobalSection
	GlobalSection(SolutionProperties) = preSolution
		HideSolutionNode = FALSE
	EndGlobalSection
	GlobalSection(ExtensibilityGlobals) = postSolution
		SolutionGuid = {3111C41F-ABBA-4E67-919A-91664AF8B72A}
	EndGlobalSection
EndGlobal
