
Microsoft Visual Studio Solution File, Format Version 12.00
# Visual Studio Version 17
VisualStudioVersion = 17.0.31903.59
MinimumVisualStudioVersion = 10.0.40219.1
Project("{2150E333-8FDC-42A3-9474-1A3956D46DE8}") = "Response.Web", "Response.Web", "{3B1D44FF-453D-A458-F6CF-C4A9869D50FD}"
EndProject
Project("{FAE04EC0-301F-11D3-BF4B-00C04F79EFBC}") = "Response.Web", "Response.Web\Response.Web.csproj", "{810E3438-D301-4E1D-AE45-2C03E4843032}"
EndProject
Project("{FAE04EC0-301F-11D3-BF4B-00C04F79EFBC}") = "Response.Web.Client", "Response.Client\Response.Client.csproj", "{E7574B1C-39BF-4A66-BBA9-BBC4BCEA954B}"
EndProject
Project("{FAE04EC0-301F-11D3-BF4B-00C04F79EFBC}") = "Response.Domain", "Response.Domain\Response.Domain.csproj", "{C90B3E28-37DD-455F-AE31-48BBA04B4742}"
EndProject
Project("{FAE04EC0-301F-11D3-BF4B-00C04F79EFBC}") = "Response.Infrastructure", "Response.Infrastructure\Response.Infrastructure.csproj", "{B0E7FE65-5E74-4319-9266-761CC8D94DDF}"
EndProject
Global
	GlobalSection(SolutionConfigurationPlatforms) = preSolution
		Debug|Any CPU = Debug|Any CPU
		Debug|x64 = Debug|x64
		Debug|x86 = Debug|x86
		Release|Any CPU = Release|Any CPU
		Release|x64 = Release|x64
		Release|x86 = Release|x86
	EndGlobalSection
	GlobalSection(ProjectConfigurationPlatforms) = postSolution
		{810E3438-D301-4E1D-AE45-2C03E4843032}.Debug|Any CPU.ActiveCfg = Debug|Any CPU
		{810E3438-D301-4E1D-AE45-2C03E4843032}.Debug|Any CPU.Build.0 = Debug|Any CPU
		{810E3438-D301-4E1D-AE45-2C03E4843032}.Debug|x64.ActiveCfg = Debug|Any CPU
		{810E3438-D301-4E1D-AE45-2C03E4843032}.Debug|x64.Build.0 = Debug|Any CPU
		{810E3438-D301-4E1D-AE45-2C03E4843032}.Debug|x86.ActiveCfg = Debug|Any CPU
		{810E3438-D301-4E1D-AE45-2C03E4843032}.Debug|x86.Build.0 = Debug|Any CPU
		{810E3438-D301-4E1D-AE45-2C03E4843032}.Release|Any CPU.ActiveCfg = Release|Any CPU
		{810E3438-D301-4E1D-AE45-2C03E4843032}.Release|Any CPU.Build.0 = Release|Any CPU
		{810E3438-D301-4E1D-AE45-2C03E4843032}.Release|x64.ActiveCfg = Release|Any CPU
		{810E3438-D301-4E1D-AE45-2C03E4843032}.Release|x64.Build.0 = Release|Any CPU
		{810E3438-D301-4E1D-AE45-2C03E4843032}.Release|x86.ActiveCfg = Release|Any CPU
		{810E3438-D301-4E1D-AE45-2C03E4843032}.Release|x86.Build.0 = Release|Any CPU
		{E7574B1C-39BF-4A66-BBA9-BBC4BCEA954B}.Debug|Any CPU.ActiveCfg = Debug|Any CPU
		{E7574B1C-39BF-4A66-BBA9-BBC4BCEA954B}.Debug|Any CPU.Build.0 = Debug|Any CPU
		{E7574B1C-39BF-4A66-BBA9-BBC4BCEA954B}.Debug|x64.ActiveCfg = Debug|Any CPU
		{E7574B1C-39BF-4A66-BBA9-BBC4BCEA954B}.Debug|x64.Build.0 = Debug|Any CPU
		{E7574B1C-39BF-4A66-BBA9-BBC4BCEA954B}.Debug|x86.ActiveCfg = Debug|Any CPU
		{E7574B1C-39BF-4A66-BBA9-BBC4BCEA954B}.Debug|x86.Build.0 = Debug|Any CPU
		{E7574B1C-39BF-4A66-BBA9-BBC4BCEA954B}.Release|Any CPU.ActiveCfg = Release|Any CPU
		{E7574B1C-39BF-4A66-BBA9-BBC4BCEA954B}.Release|Any CPU.Build.0 = Release|Any CPU
		{E7574B1C-39BF-4A66-BBA9-BBC4BCEA954B}.Release|x64.ActiveCfg = Release|Any CPU
		{E7574B1C-39BF-4A66-BBA9-BBC4BCEA954B}.Release|x64.Build.0 = Release|Any CPU
		{E7574B1C-39BF-4A66-BBA9-BBC4BCEA954B}.Release|x86.ActiveCfg = Release|Any CPU
		{E7574B1C-39BF-4A66-BBA9-BBC4BCEA954B}.Release|x86.Build.0 = Release|Any CPU
		{C90B3E28-37DD-455F-AE31-48BBA04B4742}.Debug|Any CPU.ActiveCfg = Debug|Any CPU
		{C90B3E28-37DD-455F-AE31-48BBA04B4742}.Debug|Any CPU.Build.0 = Debug|Any CPU
		{C90B3E28-37DD-455F-AE31-48BBA04B4742}.Debug|x64.ActiveCfg = Debug|Any CPU
		{C90B3E28-37DD-455F-AE31-48BBA04B4742}.Debug|x64.Build.0 = Debug|Any CPU
		{C90B3E28-37DD-455F-AE31-48BBA04B4742}.Debug|x86.ActiveCfg = Debug|Any CPU
		{C90B3E28-37DD-455F-AE31-48BBA04B4742}.Debug|x86.Build.0 = Debug|Any CPU
		{C90B3E28-37DD-455F-AE31-48BBA04B4742}.Release|Any CPU.ActiveCfg = Release|Any CPU
		{C90B3E28-37DD-455F-AE31-48BBA04B4742}.Release|Any CPU.Build.0 = Release|Any CPU
		{C90B3E28-37DD-455F-AE31-48BBA04B4742}.Release|x64.ActiveCfg = Release|Any CPU
		{C90B3E28-37DD-455F-AE31-48BBA04B4742}.Release|x64.Build.0 = Release|Any CPU
		{C90B3E28-37DD-455F-AE31-48BBA04B4742}.Release|x86.ActiveCfg = Release|Any CPU
		{C90B3E28-37DD-455F-AE31-48BBA04B4742}.Release|x86.Build.0 = Release|Any CPU
		{B0E7FE65-5E74-4319-9266-761CC8D94DDF}.Debug|Any CPU.ActiveCfg = Debug|Any CPU
		{B0E7FE65-5E74-4319-9266-761CC8D94DDF}.Debug|Any CPU.Build.0 = Debug|Any CPU
		{B0E7FE65-5E74-4319-9266-761CC8D94DDF}.Debug|x64.ActiveCfg = Debug|Any CPU
		{B0E7FE65-5E74-4319-9266-761CC8D94DDF}.Debug|x64.Build.0 = Debug|Any CPU
		{B0E7FE65-5E74-4319-9266-761CC8D94DDF}.Debug|x86.ActiveCfg = Debug|Any CPU
		{B0E7FE65-5E74-4319-9266-761CC8D94DDF}.Debug|x86.Build.0 = Debug|Any CPU
		{B0E7FE65-5E74-4319-9266-761CC8D94DDF}.Release|Any CPU.ActiveCfg = Release|Any CPU
		{B0E7FE65-5E74-4319-9266-761CC8D94DDF}.Release|Any CPU.Build.0 = Release|Any CPU
		{B0E7FE65-5E74-4319-9266-761CC8D94DDF}.Release|x64.ActiveCfg = Release|Any CPU
		{B0E7FE65-5E74-4319-9266-761CC8D94DDF}.Release|x64.Build.0 = Release|Any CPU
		{B0E7FE65-5E74-4319-9266-761CC8D94DDF}.Release|x86.ActiveCfg = Release|Any CPU
		{B0E7FE65-5E74-4319-9266-761CC8D94DDF}.Release|x86.Build.0 = Release|Any CPU
	EndGlobalSection
	GlobalSection(SolutionProperties) = preSolution
		HideSolutionNode = FALSE
	EndGlobalSection
	GlobalSection(NestedProjects) = preSolution
		{810E3438-D301-4E1D-AE45-2C03E4843032} = {3B1D44FF-453D-A458-F6CF-C4A9869D50FD}
		{E7574B1C-39BF-4A66-BBA9-BBC4BCEA954B} = {3B1D44FF-453D-A458-F6CF-C4A9869D50FD}
		{C90B3E28-37DD-455F-AE31-48BBA04B4742} = {3B1D44FF-453D-A458-F6CF-C4A9869D50FD}
		{B0E7FE65-5E74-4319-9266-761CC8D94DDF} = {3B1D44FF-453D-A458-F6CF-C4A9869D50FD}
	EndGlobalSection
EndGlobal
