
Microsoft Visual Studio Solution File, Format Version 12.00
# Visual Studio Version 17
VisualStudioVersion = 17.0.31903.59
MinimumVisualStudioVersion = 10.0.40219.1
Project("{FAE04EC0-301F-11D3-BF4B-00C04F79EFBC}") = "Response.Client", "Response.Client\Response.Client.csproj", "{18719DA0-F2D4-48DD-B4A9-CCC965373DF9}"
EndProject
Project("{FAE04EC0-301F-11D3-BF4B-00C04F79EFBC}") = "Response.Server", "Response.Server\Response.Server.csproj", "{257DC090-9A67-4CA2-AABB-263103D6014F}"
EndProject
Project("{FAE04EC0-301F-11D3-BF4B-00C04F79EFBC}") = "Response.Shared", "Response.Shared\Response.Shared.csproj", "{B231291F-DAFE-4F55-9169-916F7F2443B8}"
EndProject
Global
	GlobalSection(SolutionConfigurationPlatforms) = preSolution
		Debug|Any CPU = Debug|Any CPU
		Debug|x64 = Debug|x64
		Debug|x86 = Debug|x86
		Release|Any CPU = Release|Any CPU
		Release|x64 = Release|x64
		Release|x86 = Release|x86
	EndGlobalSection
	GlobalSection(ProjectConfigurationPlatforms) = postSolution
		{18719DA0-F2D4-48DD-B4A9-CCC965373DF9}.Debug|Any CPU.ActiveCfg = Debug|Any CPU
		{18719DA0-F2D4-48DD-B4A9-CCC965373DF9}.Debug|Any CPU.Build.0 = Debug|Any CPU
		{18719DA0-F2D4-48DD-B4A9-CCC965373DF9}.Debug|x64.ActiveCfg = Debug|Any CPU
		{18719DA0-F2D4-48DD-B4A9-CCC965373DF9}.Debug|x64.Build.0 = Debug|Any CPU
		{18719DA0-F2D4-48DD-B4A9-CCC965373DF9}.Debug|x86.ActiveCfg = Debug|Any CPU
		{18719DA0-F2D4-48DD-B4A9-CCC965373DF9}.Debug|x86.Build.0 = Debug|Any CPU
		{18719DA0-F2D4-48DD-B4A9-CCC965373DF9}.Release|Any CPU.ActiveCfg = Release|Any CPU
		{18719DA0-F2D4-48DD-B4A9-CCC965373DF9}.Release|Any CPU.Build.0 = Release|Any CPU
		{18719DA0-F2D4-48DD-B4A9-CCC965373DF9}.Release|x64.ActiveCfg = Release|Any CPU
		{18719DA0-F2D4-48DD-B4A9-CCC965373DF9}.Release|x64.Build.0 = Release|Any CPU
		{18719DA0-F2D4-48DD-B4A9-CCC965373DF9}.Release|x86.ActiveCfg = Release|Any CPU
		{18719DA0-F2D4-48DD-B4A9-CCC965373DF9}.Release|x86.Build.0 = Release|Any CPU
		{257DC090-9A67-4CA2-AABB-263103D6014F}.Debug|Any CPU.ActiveCfg = Debug|Any CPU
		{257DC090-9A67-4CA2-AABB-263103D6014F}.Debug|Any CPU.Build.0 = Debug|Any CPU
		{257DC090-9A67-4CA2-AABB-263103D6014F}.Debug|x64.ActiveCfg = Debug|Any CPU
		{257DC090-9A67-4CA2-AABB-263103D6014F}.Debug|x64.Build.0 = Debug|Any CPU
		{257DC090-9A67-4CA2-AABB-263103D6014F}.Debug|x86.ActiveCfg = Debug|Any CPU
		{257DC090-9A67-4CA2-AABB-263103D6014F}.Debug|x86.Build.0 = Debug|Any CPU
		{257DC090-9A67-4CA2-AABB-263103D6014F}.Release|Any CPU.ActiveCfg = Release|Any CPU
		{257DC090-9A67-4CA2-AABB-263103D6014F}.Release|Any CPU.Build.0 = Release|Any CPU
		{257DC090-9A67-4CA2-AABB-263103D6014F}.Release|x64.ActiveCfg = Release|Any CPU
		{257DC090-9A67-4CA2-AABB-263103D6014F}.Release|x64.Build.0 = Release|Any CPU
		{257DC090-9A67-4CA2-AABB-263103D6014F}.Release|x86.ActiveCfg = Release|Any CPU
		{257DC090-9A67-4CA2-AABB-263103D6014F}.Release|x86.Build.0 = Release|Any CPU
		{B231291F-DAFE-4F55-9169-916F7F2443B8}.Debug|Any CPU.ActiveCfg = Debug|Any CPU
		{B231291F-DAFE-4F55-9169-916F7F2443B8}.Debug|Any CPU.Build.0 = Debug|Any CPU
		{B231291F-DAFE-4F55-9169-916F7F2443B8}.Debug|x64.ActiveCfg = Debug|Any CPU
		{B231291F-DAFE-4F55-9169-916F7F2443B8}.Debug|x64.Build.0 = Debug|Any CPU
		{B231291F-DAFE-4F55-9169-916F7F2443B8}.Debug|x86.ActiveCfg = Debug|Any CPU
		{B231291F-DAFE-4F55-9169-916F7F2443B8}.Debug|x86.Build.0 = Debug|Any CPU
		{B231291F-DAFE-4F55-9169-916F7F2443B8}.Release|Any CPU.ActiveCfg = Release|Any CPU
		{B231291F-DAFE-4F55-9169-916F7F2443B8}.Release|Any CPU.Build.0 = Release|Any CPU
		{B231291F-DAFE-4F55-9169-916F7F2443B8}.Release|x64.ActiveCfg = Release|Any CPU
		{B231291F-DAFE-4F55-9169-916F7F2443B8}.Release|x64.Build.0 = Release|Any CPU
		{B231291F-DAFE-4F55-9169-916F7F2443B8}.Release|x86.ActiveCfg = Release|Any CPU
		{B231291F-DAFE-4F55-9169-916F7F2443B8}.Release|x86.Build.0 = Release|Any CPU
	EndGlobalSection
	GlobalSection(SolutionProperties) = preSolution
		HideSolutionNode = FALSE
	EndGlobalSection
EndGlobal
