Microsoft Visual Studio Solution File, Format Version 12.00
# Visual Studio Version 16
VisualStudioVersion = 16.0.0.0
MinimumVisualStudioVersion = 16.0.0.0
Project("{9A19103F-16F7-4668-BE54-9A1E7A4F7556}") = "Response.Client", "Response.Client\Response.Client.csproj", "{CA502298-0DB4-4E08-BA3C-33D0A3AB63A2}"
EndProject
Project("{9A19103F-16F7-4668-BE54-9A1E7A4F7556}") = "Response.Client.Client", "Response.Client.Client\Response.Client.Client.csproj", "{0B1F8739-E847-4069-9B22-1CB5628574AC}"
EndProject
Global
	GlobalSection(SolutionConfigurationPlatforms) = preSolution
		Debug|Any CPU = Debug|Any CPU
		Debug|x64 = Debug|x64
		Debug|x86 = Debug|x86
		Release|Any CPU = Release|Any CPU
		Release|x64 = Release|x64
		Release|x86 = Release|x86
	EndGlobalSection
	GlobalSection(ProjectConfigurationPlatforms) = postSolution
		{0B1F8739-E847-4069-9B22-1CB5628574AC}.Debug|Any CPU.ActiveCfg = Debug|Any CPU
		{0B1F8739-E847-4069-9B22-1CB5628574AC}.Debug|Any CPU.Build.0 = Debug|Any CPU
		{0B1F8739-E847-4069-9B22-1CB5628574AC}.Debug|x64.ActiveCfg = Debug|Any CPU
		{0B1F8739-E847-4069-9B22-1CB5628574AC}.Debug|x64.Build.0 = Debug|Any CPU
		{0B1F8739-E847-4069-9B22-1CB5628574AC}.Debug|x86.ActiveCfg = Debug|Any CPU
		{0B1F8739-E847-4069-9B22-1CB5628574AC}.Debug|x86.Build.0 = Debug|Any CPU
		{0B1F8739-E847-4069-9B22-1CB5628574AC}.Release|Any CPU.ActiveCfg = Release|Any CPU
		{0B1F8739-E847-4069-9B22-1CB5628574AC}.Release|Any CPU.Build.0 = Release|Any CPU
		{0B1F8739-E847-4069-9B22-1CB5628574AC}.Release|x64.ActiveCfg = Release|Any CPU
		{0B1F8739-E847-4069-9B22-1CB5628574AC}.Release|x64.Build.0 = Release|Any CPU
		{0B1F8739-E847-4069-9B22-1CB5628574AC}.Release|x86.ActiveCfg = Release|Any CPU
		{0B1F8739-E847-4069-9B22-1CB5628574AC}.Release|x86.Build.0 = Release|Any CPU
		{CA502298-0DB4-4E08-BA3C-33D0A3AB63A2}.Debug|Any CPU.ActiveCfg = Debug|Any CPU
		{CA502298-0DB4-4E08-BA3C-33D0A3AB63A2}.Debug|Any CPU.Build.0 = Debug|Any CPU
		{CA502298-0DB4-4E08-BA3C-33D0A3AB63A2}.Debug|x64.ActiveCfg = Debug|Any CPU
		{CA502298-0DB4-4E08-BA3C-33D0A3AB63A2}.Debug|x64.Build.0 = Debug|Any CPU
		{CA502298-0DB4-4E08-BA3C-33D0A3AB63A2}.Debug|x86.ActiveCfg = Debug|Any CPU
		{CA502298-0DB4-4E08-BA3C-33D0A3AB63A2}.Debug|x86.Build.0 = Debug|Any CPU
		{CA502298-0DB4-4E08-BA3C-33D0A3AB63A2}.Release|Any CPU.ActiveCfg = Release|Any CPU
		{CA502298-0DB4-4E08-BA3C-33D0A3AB63A2}.Release|Any CPU.Build.0 = Release|Any CPU
		{CA502298-0DB4-4E08-BA3C-33D0A3AB63A2}.Release|x64.ActiveCfg = Release|Any CPU
		{CA502298-0DB4-4E08-BA3C-33D0A3AB63A2}.Release|x64.Build.0 = Release|Any CPU
		{CA502298-0DB4-4E08-BA3C-33D0A3AB63A2}.Release|x86.ActiveCfg = Release|Any CPU
		{CA502298-0DB4-4E08-BA3C-33D0A3AB63A2}.Release|x86.Build.0 = Release|Any CPU
	EndGlobalSection
	GlobalSection(SolutionProperties) = preSolution
		HideSolutionNode = FALSE
	EndGlobalSection
	GlobalSection(ExtensibilityGlobals) = postSolution
		SolutionGuid = {1C221D35-3D27-4A55-9447-ED8E0D3FF36E}
	EndGlobalSection
EndGlobal
